
Microsoft Visual Studio Solution File, Format Version 12.00
# Visual Studio Version 16
VisualStudioVersion = 16.0.30804.86
MinimumVisualStudioVersion = 10.0.40219.1
Project("{FAE04EC0-301F-11D3-BF4B-00C04F79EFBC}") = "Xadrez", "Xadrez.csproj", "{2E8F51F9-0F65-4F66-B68A-38D354C82F3C}"
EndProject
Global
	GlobalSection(SolutionConfigurationPlatforms) = preSolution
		Debug|Any CPU = Debug|Any CPU
		Release|Any CPU = Release|Any CPU
	EndGlobalSection
	GlobalSection(ProjectConfigurationPlatforms) = postSolution
		{2E8F51F9-0F65-4F66-B68A-38D354C82F3C}.Debug|Any CPU.ActiveCfg = Debug|Any CPU
		{2E8F51F9-0F65-4F66-B68A-38D354C82F3C}.Debug|Any CPU.Build.0 = Debug|Any CPU
		{2E8F51F9-0F65-4F66-B68A-38D354C82F3C}.Release|Any CPU.ActiveCfg = Release|Any CPU
		{2E8F51F9-0F65-4F66-B68A-38D354C82F3C}.Release|Any CPU.Build.0 = Release|Any CPU
	EndGlobalSection
	GlobalSection(SolutionProperties) = preSolution
		HideSolutionNode = FALSE
	EndGlobalSection
	GlobalSection(ExtensibilityGlobals) = postSolution
		SolutionGuid = {C8C8EE04-9E4E-45E6-8E3B-3049D73DC503}
	EndGlobalSection
EndGlobal
